// !$*UTF8*$!
{
	archiveVersion = 1;
	classes = {
	};
	objectVersion = 46;
	objects = {

/* Begin PBXBuildFile section */
		0CDF46591DC72175001E4627 /* AppDelegate.swift in Sources */ = {isa = PBXBuildFile; fileRef = 0CDF46581DC72175001E4627 /* AppDelegate.swift */; };
		0CDF465B1DC72175001E4627 /* ViewController.swift in Sources */ = {isa = PBXBuildFile; fileRef = 0CDF465A1DC72175001E4627 /* ViewController.swift */; };
		0CDF46601DC72175001E4627 /* Assets.xcassets in Resources */ = {isa = PBXBuildFile; fileRef = 0CDF465F1DC72175001E4627 /* Assets.xcassets */; };
		0CEA15771DC9FED60028B23E /* SlippedSegmentView.swift in Sources */ = {isa = PBXBuildFile; fileRef = 0CEA15741DC9FED60028B23E /* SlippedSegmentView.swift */; };
		0CEA15781DC9FED60028B23E /* NavTabBarController.swift in Sources */ = {isa = PBXBuildFile; fileRef = 0CEA15751DC9FED60028B23E /* NavTabBarController.swift */; };
		0CEA15791DC9FED60028B23E /* SlippedSegmentItem.swift in Sources */ = {isa = PBXBuildFile; fileRef = 0CEA15761DC9FED60028B23E /* SlippedSegmentItem.swift */; };
		BEF782901EA9F5CE008F88A6 /* SlippedViewController.swift in Sources */ = {isa = PBXBuildFile; fileRef = BEF7828F1EA9F5CE008F88A6 /* SlippedViewController.swift */; };
		BEF782921EA9F6B4008F88A6 /* SlippedDemoViewController.swift in Sources */ = {isa = PBXBuildFile; fileRef = BEF782911EA9F6B4008F88A6 /* SlippedDemoViewController.swift */; };
		BEF782941EA9FC5D008F88A6 /* SlippedTableViewController.swift in Sources */ = {isa = PBXBuildFile; fileRef = BEF782931EA9FC5D008F88A6 /* SlippedTableViewController.swift */; };
		BEF782981EAA0114008F88A6 /* SlippedTableViewCell.swift in Sources */ = {isa = PBXBuildFile; fileRef = BEF782971EAA0114008F88A6 /* SlippedTableViewCell.swift */; };
/* End PBXBuildFile section */

/* Begin PBXFileReference section */
		0CDF46551DC72175001E4627 /* NavTabBarControllerDemo.app */ = {isa = PBXFileReference; explicitFileType = wrapper.application; includeInIndex = 0; path = NavTabBarControllerDemo.app; sourceTree = BUILT_PRODUCTS_DIR; };
		0CDF46581DC72175001E4627 /* AppDelegate.swift */ = {isa = PBXFileReference; lastKnownFileType = sourcecode.swift; path = AppDelegate.swift; sourceTree = "<group>"; };
		0CDF465A1DC72175001E4627 /* ViewController.swift */ = {isa = PBXFileReference; lastKnownFileType = sourcecode.swift; path = ViewController.swift; sourceTree = "<group>"; };
		0CDF465F1DC72175001E4627 /* Assets.xcassets */ = {isa = PBXFileReference; lastKnownFileType = folder.assetcatalog; path = Assets.xcassets; sourceTree = "<group>"; };
		0CDF46641DC72175001E4627 /* Info.plist */ = {isa = PBXFileReference; lastKnownFileType = text.plist.xml; path = Info.plist; sourceTree = "<group>"; };
		0CEA15741DC9FED60028B23E /* SlippedSegmentView.swift */ = {isa = PBXFileReference; fileEncoding = 4; lastKnownFileType = sourcecode.swift; path = SlippedSegmentView.swift; sourceTree = "<group>"; };
		0CEA15751DC9FED60028B23E /* NavTabBarController.swift */ = {isa = PBXFileReference; fileEncoding = 4; lastKnownFileType = sourcecode.swift; path = NavTabBarController.swift; sourceTree = "<group>"; };
		0CEA15761DC9FED60028B23E /* SlippedSegmentItem.swift */ = {isa = PBXFileReference; fileEncoding = 4; lastKnownFileType = sourcecode.swift; path = SlippedSegmentItem.swift; sourceTree = "<group>"; };
		BEF7828F1EA9F5CE008F88A6 /* SlippedViewController.swift */ = {isa = PBXFileReference; fileEncoding = 4; lastKnownFileType = sourcecode.swift; path = SlippedViewController.swift; sourceTree = "<group>"; };
		BEF782911EA9F6B4008F88A6 /* SlippedDemoViewController.swift */ = {isa = PBXFileReference; fileEncoding = 4; lastKnownFileType = sourcecode.swift; path = SlippedDemoViewController.swift; sourceTree = "<group>"; };
		BEF782931EA9FC5D008F88A6 /* SlippedTableViewController.swift */ = {isa = PBXFileReference; fileEncoding = 4; lastKnownFileType = sourcecode.swift; path = SlippedTableViewController.swift; sourceTree = "<group>"; };
		BEF782971EAA0114008F88A6 /* SlippedTableViewCell.swift */ = {isa = PBXFileReference; fileEncoding = 4; lastKnownFileType = sourcecode.swift; path = SlippedTableViewCell.swift; sourceTree = "<group>"; };
/* End PBXFileReference section */

/* Begin PBXFrameworksBuildPhase section */
		0CDF46521DC72175001E4627 /* Frameworks */ = {
			isa = PBXFrameworksBuildPhase;
			buildActionMask = 2147483647;
			files = (
			);
			runOnlyForDeploymentPostprocessing = 0;
		};
/* End PBXFrameworksBuildPhase section */

/* Begin PBXGroup section */
		0CDF464C1DC72175001E4627 = {
			isa = PBXGroup;
			children = (
				0CDF46571DC72175001E4627 /* NavTabBarControllerDemo */,
				0CDF46561DC72175001E4627 /* Products */,
			);
			sourceTree = "<group>";
		};
		0CDF46561DC72175001E4627 /* Products */ = {
			isa = PBXGroup;
			children = (
				0CDF46551DC72175001E4627 /* NavTabBarControllerDemo.app */,
			);
			name = Products;
			sourceTree = "<group>";
		};
		0CDF46571DC72175001E4627 /* NavTabBarControllerDemo */ = {
			isa = PBXGroup;
			children = (
				0CDF466A1DC72192001E4627 /* NavTabBarController */,
				0CDF46581DC72175001E4627 /* AppDelegate.swift */,
				BEF782911EA9F6B4008F88A6 /* SlippedDemoViewController.swift */,
				BEF782931EA9FC5D008F88A6 /* SlippedTableViewController.swift */,
				BEF782971EAA0114008F88A6 /* SlippedTableViewCell.swift */,
				0CDF465A1DC72175001E4627 /* ViewController.swift */,
				0CDF465F1DC72175001E4627 /* Assets.xcassets */,
				0CDF46641DC72175001E4627 /* Info.plist */,
			);
			path = NavTabBarControllerDemo;
			sourceTree = "<group>";
		};
		0CDF466A1DC72192001E4627 /* NavTabBarController */ = {
			isa = PBXGroup;
			children = (
				0CEA15751DC9FED60028B23E /* NavTabBarController.swift */,
				0CEA15741DC9FED60028B23E /* SlippedSegmentView.swift */,
				0CEA15761DC9FED60028B23E /* SlippedSegmentItem.swift */,
				BEF7828F1EA9F5CE008F88A6 /* SlippedViewController.swift */,
			);
			name = NavTabBarController;
			path = ../../NavTabBarController;
			sourceTree = "<group>";
		};
/* End PBXGroup section */

/* Begin PBXNativeTarget section */
		0CDF46541DC72175001E4627 /* NavTabBarControllerDemo */ = {
			isa = PBXNativeTarget;
			buildConfigurationList = 0CDF46671DC72175001E4627 /* Build configuration list for PBXNativeTarget "NavTabBarControllerDemo" */;
			buildPhases = (
				0CDF46511DC72175001E4627 /* Sources */,
				0CDF46521DC72175001E4627 /* Frameworks */,
				0CDF46531DC72175001E4627 /* Resources */,
			);
			buildRules = (
			);
			dependencies = (
			);
			name = NavTabBarControllerDemo;
			productName = NavTabBarControllerDemo;
			productReference = 0CDF46551DC72175001E4627 /* NavTabBarControllerDemo.app */;
			productType = "com.apple.product-type.application";
		};
/* End PBXNativeTarget section */

/* Begin PBXProject section */
		0CDF464D1DC72175001E4627 /* Project object */ = {
			isa = PBXProject;
			attributes = {
				LastSwiftUpdateCheck = 0800;
				LastUpgradeCheck = 0800;
				ORGANIZATIONNAME = Jvaeyhcd;
				TargetAttributes = {
					0CDF46541DC72175001E4627 = {
						CreatedOnToolsVersion = 8.0;
						DevelopmentTeam = NLP5PZS8U3;
						LastSwiftMigration = 0830;
						ProvisioningStyle = Automatic;
					};
				};
			};
			buildConfigurationList = 0CDF46501DC72175001E4627 /* Build configuration list for PBXProject "NavTabBarControllerDemo" */;
			compatibilityVersion = "Xcode 3.2";
			developmentRegion = English;
			hasScannedForEncodings = 0;
			knownRegions = (
				en,
				Base,
			);
			mainGroup = 0CDF464C1DC72175001E4627;
			productRefGroup = 0CDF46561DC72175001E4627 /* Products */;
			projectDirPath = "";
			projectRoot = "";
			targets = (
				0CDF46541DC72175001E4627 /* NavTabBarControllerDemo */,
			);
		};
/* End PBXProject section */

/* Begin PBXResourcesBuildPhase section */
		0CDF46531DC72175001E4627 /* Resources */ = {
			isa = PBXResourcesBuildPhase;
			buildActionMask = 2147483647;
			files = (
				0CDF46601DC72175001E4627 /* Assets.xcassets in Resources */,
			);
			runOnlyForDeploymentPostprocessing = 0;
		};
/* End PBXResourcesBuildPhase section */

/* Begin PBXSourcesBuildPhase section */
		0CDF46511DC72175001E4627 /* Sources */ = {
			isa = PBXSourcesBuildPhase;
			buildActionMask = 2147483647;
			files = (
				BEF782981EAA0114008F88A6 /* SlippedTableViewCell.swift in Sources */,
				BEF782901EA9F5CE008F88A6 /* SlippedViewController.swift in Sources */,
				0CEA15791DC9FED60028B23E /* SlippedSegmentItem.swift in Sources */,
				0CEA15771DC9FED60028B23E /* SlippedSegmentView.swift in Sources */,
				0CEA15781DC9FED60028B23E /* NavTabBarController.swift in Sources */,
				BEF782921EA9F6B4008F88A6 /* SlippedDemoViewController.swift in Sources */,
				0CDF465B1DC72175001E4627 /* ViewController.swift in Sources */,
				BEF782941EA9FC5D008F88A6 /* SlippedTableViewController.swift in Sources */,
				0CDF46591DC72175001E4627 /* AppDelegate.swift in Sources */,
			);
			runOnlyForDeploymentPostprocessing = 0;
		};
/* End PBXSourcesBuildPhase section */

/* Begin XCBuildConfiguration section */
		0CDF46651DC72175001E4627 /* Debug */ = {
			isa = XCBuildConfiguration;
			buildSettings = {
				ALWAYS_SEARCH_USER_PATHS = NO;
				CLANG_ANALYZER_NONNULL = YES;
				CLANG_CXX_LANGUAGE_STANDARD = "gnu++0x";
				CLANG_CXX_LIBRARY = "libc++";
				CLANG_ENABLE_MODULES = YES;
				CLANG_ENABLE_OBJC_ARC = YES;
				CLANG_WARN_BOOL_CONVERSION = YES;
				CLANG_WARN_CONSTANT_CONVERSION = YES;
				CLANG_WARN_DIRECT_OBJC_ISA_USAGE = YES_ERROR;
				CLANG_WARN_DOCUMENTATION_COMMENTS = YES;
				CLANG_WARN_EMPTY_BODY = YES;
				CLANG_WARN_ENUM_CONVERSION = YES;
				CLANG_WARN_INFINITE_RECURSION = YES;
				CLANG_WARN_INT_CONVERSION = YES;
				CLANG_WARN_OBJC_ROOT_CLASS = YES_ERROR;
				CLANG_WARN_SUSPICIOUS_MOVES = YES;
				CLANG_WARN_UNREACHABLE_CODE = YES;
				CLANG_WARN__DUPLICATE_METHOD_MATCH = YES;
				"CODE_SIGN_IDENTITY[sdk=iphoneos*]" = "iPhone Developer";
				COPY_PHASE_STRIP = NO;
				DEBUG_INFORMATION_FORMAT = dwarf;
				ENABLE_STRICT_OBJC_MSGSEND = YES;
				ENABLE_TESTABILITY = YES;
				GCC_C_LANGUAGE_STANDARD = gnu99;
				GCC_DYNAMIC_NO_PIC = NO;
				GCC_NO_COMMON_BLOCKS = YES;
				GCC_OPTIMIZATION_LEVEL = 0;
				GCC_PREPROCESSOR_DEFINITIONS = (
					"DEBUG=1",
					"$(inherited)",
				);
				GCC_WARN_64_TO_32_BIT_CONVERSION = YES;
				GCC_WARN_ABOUT_RETURN_TYPE = YES_ERROR;
				GCC_WARN_UNDECLARED_SELECTOR = YES;
				GCC_WARN_UNINITIALIZED_AUTOS = YES_AGGRESSIVE;
				GCC_WARN_UNUSED_FUNCTION = YES;
				GCC_WARN_UNUSED_VARIABLE = YES;
				IPHONEOS_DEPLOYMENT_TARGET = 10.0;
				MTL_ENABLE_DEBUG_INFO = YES;
				ONLY_ACTIVE_ARCH = YES;
				SDKROOT = iphoneos;
				SWIFT_ACTIVE_COMPILATION_CONDITIONS = DEBUG;
				SWIFT_OPTIMIZATION_LEVEL = "-Onone";
			};
			name = Debug;
		};
		0CDF46661DC72175001E4627 /* Release */ = {
			isa = XCBuildConfiguration;
			buildSettings = {
				ALWAYS_SEARCH_USER_PATHS = NO;
				CLANG_ANALYZER_NONNULL = YES;
				CLANG_CXX_LANGUAGE_STANDARD = "gnu++0x";
				CLANG_CXX_LIBRARY = "libc++";
				CLANG_ENABLE_MODULES = YES;
				CLANG_ENABLE_OBJC_ARC = YES;
				CLANG_WARN_BOOL_CONVERSION = YES;
				CLANG_WARN_CONSTANT_CONVERSION = YES;
				CLANG_WARN_DIRECT_OBJC_ISA_USAGE = YES_ERROR;
				CLANG_WARN_DOCUMENTATION_COMMENTS = YES;
				CLANG_WARN_EMPTY_BODY = YES;
				CLANG_WARN_ENUM_CONVERSION = YES;
				CLANG_WARN_INFINITE_RECURSION = YES;
				CLANG_WARN_INT_CONVERSION = YES;
				CLANG_WARN_OBJC_ROOT_CLASS = YES_ERROR;
				CLANG_WARN_SUSPICIOUS_MOVES = YES;
				CLANG_WARN_UNREACHABLE_CODE = YES;
				CLANG_WARN__DUPLICATE_METHOD_MATCH = YES;
				"CODE_SIGN_IDENTITY[sdk=iphoneos*]" = "iPhone Developer";
				COPY_PHASE_STRIP = NO;
				DEBUG_INFORMATION_FORMAT = "dwarf-with-dsym";
				ENABLE_NS_ASSERTIONS = NO;
				ENABLE_STRICT_OBJC_MSGSEND = YES;
				GCC_C_LANGUAGE_STANDARD = gnu99;
				GCC_NO_COMMON_BLOCKS = YES;
				GCC_WARN_64_TO_32_BIT_CONVERSION = YES;
				GCC_WARN_ABOUT_RETURN_TYPE = YES_ERROR;
				GCC_WARN_UNDECLARED_SELECTOR = YES;
				GCC_WARN_UNINITIALIZED_AUTOS = YES_AGGRESSIVE;
				GCC_WARN_UNUSED_FUNCTION = YES;
				GCC_WARN_UNUSED_VARIABLE = YES;
				IPHONEOS_DEPLOYMENT_TARGET = 10.0;
				MTL_ENABLE_DEBUG_INFO = NO;
				SDKROOT = iphoneos;
				SWIFT_OPTIMIZATION_LEVEL = "-Owholemodule";
				VALIDATE_PRODUCT = YES;
			};
			name = Release;
		};
		0CDF46681DC72175001E4627 /* Debug */ = {
			isa = XCBuildConfiguration;
			buildSettings = {
				ASSETCATALOG_COMPILER_APPICON_NAME = AppIcon;
				ASSETCATALOG_COMPILER_LAUNCHIMAGE_NAME = LaunchImage;
				DEVELOPMENT_TEAM = NLP5PZS8U3;
				INFOPLIST_FILE = NavTabBarControllerDemo/Info.plist;
				IPHONEOS_DEPLOYMENT_TARGET = 8.0;
				LD_RUNPATH_SEARCH_PATHS = "$(inherited) @executable_path/Frameworks";
				PRODUCT_BUNDLE_IDENTIFIER = cc.jvaeyhcd.NavTabBarControllerDemo;
				PRODUCT_NAME = "$(TARGET_NAME)";
				SWIFT_VERSION = 3.0;
			};
			name = Debug;
		};
		0CDF46691DC72175001E4627 /* Release */ = {
			isa = XCBuildConfiguration;
			buildSettings = {
				ASSETCATALOG_COMPILER_APPICON_NAME = AppIcon;
				ASSETCATALOG_COMPILER_LAUNCHIMAGE_NAME = LaunchImage;
				DEVELOPMENT_TEAM = NLP5PZS8U3;
				INFOPLIST_FILE = NavTabBarControllerDemo/Info.plist;
				IPHONEOS_DEPLOYMENT_TARGET = 8.0;
				LD_RUNPATH_SEARCH_PATHS = "$(inherited) @executable_path/Frameworks";
				PRODUCT_BUNDLE_IDENTIFIER = cc.jvaeyhcd.NavTabBarControllerDemo;
				PRODUCT_NAME = "$(TARGET_NAME)";
				SWIFT_VERSION = 3.0;
			};
			name = Release;
		};
/* End XCBuildConfiguration section */

/* Begin XCConfigurationList section */
		0CDF46501DC72175001E4627 /* Build configuration list for PBXProject "NavTabBarControllerDemo" */ = {
			isa = XCConfigurationList;
			buildConfigurations = (
				0CDF46651DC72175001E4627 /* Debug */,
				0CDF46661DC72175001E4627 /* Release */,
			);
			defaultConfigurationIsVisible = 0;
			defaultConfigurationName = Release;
		};
		0CDF46671DC72175001E4627 /* Build configuration list for PBXNativeTarget "NavTabBarControllerDemo" */ = {
			isa = XCConfigurationList;
			buildConfigurations = (
				0CDF46681DC72175001E4627 /* Debug */,
				0CDF46691DC72175001E4627 /* Release */,
			);
			defaultConfigurationIsVisible = 0;
			defaultConfigurationName = Release;
		};
/* End XCConfigurationList section */
	};
	rootObject = 0CDF464D1DC72175001E4627 /* Project object */;
}
